
Microsoft Visual Studio Solution File, Format Version 12.00
# Visual Studio Version 16
VisualStudioVersion = 16.0.32802.440
MinimumVisualStudioVersion = 10.0.40219.1
Project("{FAE04EC0-301F-11D3-BF4B-00C04F79EFBC}") = "WebAppSepASP", "WebAppSepASP\WebAppSepASP.csproj", "{02D887D7-C2B5-483D-86F6-F4D7B055DB28}"
EndProject
Global
	GlobalSection(SolutionConfigurationPlatforms) = preSolution
		Debug|Any CPU = Debug|Any CPU
		Release|Any CPU = Release|Any CPU
	EndGlobalSection
	GlobalSection(ProjectConfigurationPlatforms) = postSolution
		{02D887D7-C2B5-483D-86F6-F4D7B055DB28}.Debug|Any CPU.ActiveCfg = Debug|Any CPU
		{02D887D7-C2B5-483D-86F6-F4D7B055DB28}.Debug|Any CPU.Build.0 = Debug|Any CPU
		{02D887D7-C2B5-483D-86F6-F4D7B055DB28}.Release|Any CPU.ActiveCfg = Release|Any CPU
		{02D887D7-C2B5-483D-86F6-F4D7B055DB28}.Release|Any CPU.Build.0 = Release|Any CPU
	EndGlobalSection
	GlobalSection(SolutionProperties) = preSolution
		HideSolutionNode = FALSE
	EndGlobalSection
	GlobalSection(ExtensibilityGlobals) = postSolution
		SolutionGuid = {C1D1D333-9A89-4443-B570-1DB8AAB2C410}
	EndGlobalSection
EndGlobal
